
Microsoft Visual Studio Solution File, Format Version 12.00
# Visual Studio Version 17
VisualStudioVersion = 17.14.36408.4 d17.14
MinimumVisualStudioVersion = 10.0.40219.1
Project("{FAE04EC0-301F-11D3-BF4B-00C04F79EFBC}") = "KasseAPI_Final", "KasseAPI_Final.csproj", "{AAE04B45-8F7D-9895-378A-2D06882BAD6D}"
EndProject
Global
	GlobalSection(SolutionConfigurationPlatforms) = preSolution
		Debug|Any CPU = Debug|Any CPU
		Release|Any CPU = Release|Any CPU
	EndGlobalSection
	GlobalSection(ProjectConfigurationPlatforms) = postSolution
		{AAE04B45-8F7D-9895-378A-2D06882BAD6D}.Debug|Any CPU.ActiveCfg = Debug|Any CPU
		{AAE04B45-8F7D-9895-378A-2D06882BAD6D}.Debug|Any CPU.Build.0 = Debug|Any CPU
		{AAE04B45-8F7D-9895-378A-2D06882BAD6D}.Release|Any CPU.ActiveCfg = Release|Any CPU
		{AAE04B45-8F7D-9895-378A-2D06882BAD6D}.Release|Any CPU.Build.0 = Release|Any CPU
	EndGlobalSection
	GlobalSection(SolutionProperties) = preSolution
		HideSolutionNode = FALSE
	EndGlobalSection
	GlobalSection(ExtensibilityGlobals) = postSolution
		SolutionGuid = {58349CBB-151E-4169-A15E-8EF7FD214EA6}
	EndGlobalSection
EndGlobal
